
Microsoft Visual Studio Solution File, Format Version 12.00
# Visual Studio 14
VisualStudioVersion = 14.0.25420.1
MinimumVisualStudioVersion = 10.0.40219.1
Project("{8BC9CEB8-8B4A-11D0-8D11-00A0C91BC942}") = "complex", "complex\complex.vcxproj", "{3709EC54-54A1-47D7-AA03-46D0E3C8A8F4}"
EndProject
Project("{8BC9CEB8-8B4A-11D0-8D11-00A0C91BC942}") = "rational", "rational\rational.vcxproj", "{E6B8B90F-4BA3-4919-AE56-4978B8EC6F0D}"
EndProject
Project("{8BC9CEB8-8B4A-11D0-8D11-00A0C91BC942}") = "vec3d", "vec3d\vec3d.vcxproj", "{275E4A2E-3665-4410-BECF-0E2C682F0E6B}"
EndProject
Project("{8BC9CEB8-8B4A-11D0-8D11-00A0C91BC942}") = "vec3dt", "vec3dt\vec3dt.vcxproj", "{86E7E6DA-9CA0-4CB1-ABB0-AEDE5C6BA589}"
EndProject
Project("{8BC9CEB8-8B4A-11D0-8D11-00A0C91BC942}") = "array", "array\array.vcxproj", "{A3F80F86-7FDE-4CF2-9093-3565242A4212}"
EndProject
Project("{8BC9CEB8-8B4A-11D0-8D11-00A0C91BC942}") = "rect2d", "rect2d\rect2d.vcxproj", "{A1F5D837-12A6-4D50-B277-4D5C05EA025B}"
EndProject
Project("{8BC9CEB8-8B4A-11D0-8D11-00A0C91BC942}") = "kvaternion", "kvaternion\kvaternion.vcxproj", "{46C4A308-AA4D-4118-AF3B-CFA40EBBF9A6}"
EndProject
Project("{8BC9CEB8-8B4A-11D0-8D11-00A0C91BC942}") = "matrixu", "matrixu\matrixu.vcxproj", "{6BB59809-BD5B-4AFB-8D44-67108251AC98}"
EndProject
Project("{8BC9CEB8-8B4A-11D0-8D11-00A0C91BC942}") = "matrixr", "matrixr\matrixr.vcxproj", "{EED9D2E4-A1B4-463C-9A95-FD8E57B55C68}"
EndProject
Global
	GlobalSection(SolutionConfigurationPlatforms) = preSolution
		Debug|x64 = Debug|x64
		Debug|x86 = Debug|x86
		Release|x64 = Release|x64
		Release|x86 = Release|x86
	EndGlobalSection
	GlobalSection(ProjectConfigurationPlatforms) = postSolution
		{3709EC54-54A1-47D7-AA03-46D0E3C8A8F4}.Debug|x64.ActiveCfg = Debug|x64
		{3709EC54-54A1-47D7-AA03-46D0E3C8A8F4}.Debug|x64.Build.0 = Debug|x64
		{3709EC54-54A1-47D7-AA03-46D0E3C8A8F4}.Debug|x86.ActiveCfg = Debug|Win32
		{3709EC54-54A1-47D7-AA03-46D0E3C8A8F4}.Debug|x86.Build.0 = Debug|Win32
		{3709EC54-54A1-47D7-AA03-46D0E3C8A8F4}.Release|x64.ActiveCfg = Release|x64
		{3709EC54-54A1-47D7-AA03-46D0E3C8A8F4}.Release|x64.Build.0 = Release|x64
		{3709EC54-54A1-47D7-AA03-46D0E3C8A8F4}.Release|x86.ActiveCfg = Release|Win32
		{3709EC54-54A1-47D7-AA03-46D0E3C8A8F4}.Release|x86.Build.0 = Release|Win32
		{E6B8B90F-4BA3-4919-AE56-4978B8EC6F0D}.Debug|x64.ActiveCfg = Debug|x64
		{E6B8B90F-4BA3-4919-AE56-4978B8EC6F0D}.Debug|x64.Build.0 = Debug|x64
		{E6B8B90F-4BA3-4919-AE56-4978B8EC6F0D}.Debug|x86.ActiveCfg = Debug|Win32
		{E6B8B90F-4BA3-4919-AE56-4978B8EC6F0D}.Debug|x86.Build.0 = Debug|Win32
		{E6B8B90F-4BA3-4919-AE56-4978B8EC6F0D}.Release|x64.ActiveCfg = Release|x64
		{E6B8B90F-4BA3-4919-AE56-4978B8EC6F0D}.Release|x64.Build.0 = Release|x64
		{E6B8B90F-4BA3-4919-AE56-4978B8EC6F0D}.Release|x86.ActiveCfg = Release|Win32
		{E6B8B90F-4BA3-4919-AE56-4978B8EC6F0D}.Release|x86.Build.0 = Release|Win32
		{275E4A2E-3665-4410-BECF-0E2C682F0E6B}.Debug|x64.ActiveCfg = Debug|x64
		{275E4A2E-3665-4410-BECF-0E2C682F0E6B}.Debug|x64.Build.0 = Debug|x64
		{275E4A2E-3665-4410-BECF-0E2C682F0E6B}.Debug|x86.ActiveCfg = Debug|Win32
		{275E4A2E-3665-4410-BECF-0E2C682F0E6B}.Debug|x86.Build.0 = Debug|Win32
		{275E4A2E-3665-4410-BECF-0E2C682F0E6B}.Release|x64.ActiveCfg = Release|x64
		{275E4A2E-3665-4410-BECF-0E2C682F0E6B}.Release|x64.Build.0 = Release|x64
		{275E4A2E-3665-4410-BECF-0E2C682F0E6B}.Release|x86.ActiveCfg = Release|Win32
		{275E4A2E-3665-4410-BECF-0E2C682F0E6B}.Release|x86.Build.0 = Release|Win32
		{86E7E6DA-9CA0-4CB1-ABB0-AEDE5C6BA589}.Debug|x64.ActiveCfg = Debug|x64
		{86E7E6DA-9CA0-4CB1-ABB0-AEDE5C6BA589}.Debug|x64.Build.0 = Debug|x64
		{86E7E6DA-9CA0-4CB1-ABB0-AEDE5C6BA589}.Debug|x86.ActiveCfg = Debug|Win32
		{86E7E6DA-9CA0-4CB1-ABB0-AEDE5C6BA589}.Debug|x86.Build.0 = Debug|Win32
		{86E7E6DA-9CA0-4CB1-ABB0-AEDE5C6BA589}.Release|x64.ActiveCfg = Release|x64
		{86E7E6DA-9CA0-4CB1-ABB0-AEDE5C6BA589}.Release|x64.Build.0 = Release|x64
		{86E7E6DA-9CA0-4CB1-ABB0-AEDE5C6BA589}.Release|x86.ActiveCfg = Release|Win32
		{86E7E6DA-9CA0-4CB1-ABB0-AEDE5C6BA589}.Release|x86.Build.0 = Release|Win32
		{A3F80F86-7FDE-4CF2-9093-3565242A4212}.Debug|x64.ActiveCfg = Debug|x64
		{A3F80F86-7FDE-4CF2-9093-3565242A4212}.Debug|x64.Build.0 = Debug|x64
		{A3F80F86-7FDE-4CF2-9093-3565242A4212}.Debug|x86.ActiveCfg = Debug|Win32
		{A3F80F86-7FDE-4CF2-9093-3565242A4212}.Debug|x86.Build.0 = Debug|Win32
		{A3F80F86-7FDE-4CF2-9093-3565242A4212}.Release|x64.ActiveCfg = Release|x64
		{A3F80F86-7FDE-4CF2-9093-3565242A4212}.Release|x64.Build.0 = Release|x64
		{A3F80F86-7FDE-4CF2-9093-3565242A4212}.Release|x86.ActiveCfg = Release|Win32
		{A3F80F86-7FDE-4CF2-9093-3565242A4212}.Release|x86.Build.0 = Release|Win32
		{A1F5D837-12A6-4D50-B277-4D5C05EA025B}.Debug|x64.ActiveCfg = Debug|x64
		{A1F5D837-12A6-4D50-B277-4D5C05EA025B}.Debug|x64.Build.0 = Debug|x64
		{A1F5D837-12A6-4D50-B277-4D5C05EA025B}.Debug|x86.ActiveCfg = Debug|Win32
		{A1F5D837-12A6-4D50-B277-4D5C05EA025B}.Debug|x86.Build.0 = Debug|Win32
		{A1F5D837-12A6-4D50-B277-4D5C05EA025B}.Release|x64.ActiveCfg = Release|x64
		{A1F5D837-12A6-4D50-B277-4D5C05EA025B}.Release|x64.Build.0 = Release|x64
		{A1F5D837-12A6-4D50-B277-4D5C05EA025B}.Release|x86.ActiveCfg = Release|Win32
		{A1F5D837-12A6-4D50-B277-4D5C05EA025B}.Release|x86.Build.0 = Release|Win32
		{46C4A308-AA4D-4118-AF3B-CFA40EBBF9A6}.Debug|x64.ActiveCfg = Debug|x64
		{46C4A308-AA4D-4118-AF3B-CFA40EBBF9A6}.Debug|x64.Build.0 = Debug|x64
		{46C4A308-AA4D-4118-AF3B-CFA40EBBF9A6}.Debug|x86.ActiveCfg = Debug|Win32
		{46C4A308-AA4D-4118-AF3B-CFA40EBBF9A6}.Debug|x86.Build.0 = Debug|Win32
		{46C4A308-AA4D-4118-AF3B-CFA40EBBF9A6}.Release|x64.ActiveCfg = Release|x64
		{46C4A308-AA4D-4118-AF3B-CFA40EBBF9A6}.Release|x64.Build.0 = Release|x64
		{46C4A308-AA4D-4118-AF3B-CFA40EBBF9A6}.Release|x86.ActiveCfg = Release|Win32
		{46C4A308-AA4D-4118-AF3B-CFA40EBBF9A6}.Release|x86.Build.0 = Release|Win32
		{6BB59809-BD5B-4AFB-8D44-67108251AC98}.Debug|x64.ActiveCfg = Debug|x64
		{6BB59809-BD5B-4AFB-8D44-67108251AC98}.Debug|x64.Build.0 = Debug|x64
		{6BB59809-BD5B-4AFB-8D44-67108251AC98}.Debug|x86.ActiveCfg = Debug|Win32
		{6BB59809-BD5B-4AFB-8D44-67108251AC98}.Debug|x86.Build.0 = Debug|Win32
		{6BB59809-BD5B-4AFB-8D44-67108251AC98}.Release|x64.ActiveCfg = Release|x64
		{6BB59809-BD5B-4AFB-8D44-67108251AC98}.Release|x64.Build.0 = Release|x64
		{6BB59809-BD5B-4AFB-8D44-67108251AC98}.Release|x86.ActiveCfg = Release|Win32
		{6BB59809-BD5B-4AFB-8D44-67108251AC98}.Release|x86.Build.0 = Release|Win32
		{EED9D2E4-A1B4-463C-9A95-FD8E57B55C68}.Debug|x64.ActiveCfg = Debug|x64
		{EED9D2E4-A1B4-463C-9A95-FD8E57B55C68}.Debug|x64.Build.0 = Debug|x64
		{EED9D2E4-A1B4-463C-9A95-FD8E57B55C68}.Debug|x86.ActiveCfg = Debug|Win32
		{EED9D2E4-A1B4-463C-9A95-FD8E57B55C68}.Debug|x86.Build.0 = Debug|Win32
		{EED9D2E4-A1B4-463C-9A95-FD8E57B55C68}.Release|x64.ActiveCfg = Release|x64
		{EED9D2E4-A1B4-463C-9A95-FD8E57B55C68}.Release|x64.Build.0 = Release|x64
		{EED9D2E4-A1B4-463C-9A95-FD8E57B55C68}.Release|x86.ActiveCfg = Release|Win32
		{EED9D2E4-A1B4-463C-9A95-FD8E57B55C68}.Release|x86.Build.0 = Release|Win32
	EndGlobalSection
	GlobalSection(SolutionProperties) = preSolution
		HideSolutionNode = FALSE
	EndGlobalSection
EndGlobal
